# THIS IS AN AUTOGENERATED FILE. DO NOT EDIT THIS FILE DIRECTLY.
# yarn lockfile v1


"@oxc-project/types@=0.151.0":
  version "0.151.0"
  resolved "https://registry.yarnpkg.com/@oxc-project/types/-/types-0.151.0.tgz#37206ed3fdebb8c4c5fc49ae20d53d9b4eed2bfe"
  integrity sha512-J1yXrIlNDZVzE3ada310xeAw7nH8yCAyLPuUIsjKatFPmfn5bS1oW+cM+QsGOtVWd5nhSpbwZWx/rue+r5Z+PA==

"@oxlint/binding-android-arm-eabi@1.86.0":
  version "1.86.0"
  resolved "https://registry.yarnpkg.com/@oxlint/binding-android-arm-eabi/-/binding-android-arm-eabi-1.86.0.tgz#53c7e6c799761229eddfd16ae0cf4df852d72afc"
  integrity sha512-63Ozq6yQn79B2UxjSZ9huJmI+3/ZPI7hxAe6TyFh9oQL447KnIMoffOdtog+h4KILbQr61ZRvFPW5gYbAUgpgQ==

"@oxlint/binding-android-arm64@1.86.0":
  version "1.86.0"
  resolved "https://registry.yarnpkg.com/@oxlint/binding-android-arm64/-/binding-android-arm64-1.86.0.tgz#7e4b00a16f9849a76757d4aee825a4961e4cb308"
  integrity sha512-JdLGp44phbf/0Du236Dt06yfK6Qw8xhTFeDvHJdjk167r59OfP5+BL31mgMYVnswS8e+j6tFuccSY0QDC/lgCw==

"@oxlint/binding-darwin-arm64@1.86.0":
  version "1.86.0"
  resolved "https://registry.yarnpkg.com/@oxlint/binding-darwin-arm64/-/binding-darwin-arm64-1.86.0.tgz#12b0d390e913da1ebb14190f9cbcb6e366c7525d"
  integrity sha512-h+vkOr4ik6KLFCXdtNVEj9xfnXfNUpPoF95QjORdhiSpLqQePzcN81kGHjAgsw1/G7WBWK5KsFKbI2UK8EyzMA==

"@oxlint/binding-darwin-x64@1.86.0":
  version "1.86.0"
  resolved "https://registry.yarnpkg.com/@oxlint/binding-darwin-x64/-/binding-darwin-x64-1.86.0.tgz#864c33d7aa3c0e4547604054fe4101e00f61685b"
  integrity sha512-wbglRuH5eKsp68keTOOeKDHU1astWSRYFsh2bwKQTAPb44rD6kVgzYI1ZrAJRTc6/7PH55ZXFCQx0rQXrj0UdA==

"@oxlint/binding-freebsd-x64@1.86.0":
  version "1.86.0"
  resolved "https://registry.yarnpkg.com/@oxlint/binding-freebsd-x64/-/binding-freebsd-x64-1.86.0.tgz#62b09121f28b3ed7664dc718ad3cd15acf6153bb"
  integrity sha512-yTQ7QSOlNfQsrfbeVweTiegQJLKPjUKgXp/JpGiFzza6Hp29S9LAoH77TM3L0RjK39iQRZB5lk5iq2t241Mfag==

"@oxlint/binding-linux-arm-gnueabihf@1.86.0":
  version "1.86.0"
  resolved "https://registry.yarnpkg.com/@oxlint/binding-linux-arm-gnueabihf/-/binding-linux-arm-gnueabihf-1.86.0.tgz#81f07f56e0e69d26387be6a1a185512873642737"
  integrity sha512-QYJGy0E2Tv8GAayyBIeHFTwQb8u+zrvrOYrifuDGZDr9ad5XsDhiMScpZymhS9fwWjqrgG2ZUwT4vpY0ISqp4Q==

"@oxlint/binding-linux-arm-musleabihf@1.86.0":
  version "1.86.0"
  resolved "https://registry.yarnpkg.com/@oxlint/binding-linux-arm-musleabihf/-/binding-linux-arm-musleabihf-1.86.0.tgz#7a3a20e9f5bb04a4d0d4111bd300b7cf8dcb85a4"
  integrity sha512-oQo83CafLT8p3qh0AGkN0tSUIh5Hm63mfDsoqUmBQUBnSZLNBAbyRaAftfGY5a0cKZ34dG6jAtMYgcY5kZqt5g==

"@oxlint/binding-linux-arm64-gnu@1.86.0":
  version "1.86.0"
  resolved "https://registry.yarnpkg.com/@oxlint/binding-linux-arm64-gnu/-/binding-linux-arm64-gnu-1.86.0.tgz#b876d20c845fb14f89a3e2bcdff4be8d127c9169"
  integrity sha512-EM6wy5c2UM12qPb7iDJDBAZvHyfEJGH6iosFgaFiaRZpirz99//EHcUyD2KAskz07x1TULuiAtsojf4nvWWksw==

"@oxlint/binding-linux-arm64-musl@1.86.0":
  version "1.86.0"
  resolved "https://registry.yarnpkg.com/@oxlint/binding-linux-arm64-musl/-/binding-linux-arm64-musl-1.86.0.tgz#c9ee28093e7524364b918e1cd025286ff4c2fa82"
  integrity sha512-vCiUQb9ZNzZalxYRU4mlZwUqT5f+c7Sk9DwUOplWHtik3Dl4r3DVnUB5tBeRuTAUe6MUVCTylNW7TkkN8J1oTw==

"@oxlint/binding-linux-ppc64-gnu@1.86.0":
  version "1.86.0"
  resolved "https://registry.yarnpkg.com/@oxlint/binding-linux-ppc64-gnu/-/binding-linux-ppc64-gnu-1.86.0.tgz#7964bf1e7593403e6b5013eece02cd3018a7ed1b"
  integrity sha512-T0AzE89yjTYmOhB/hb6i+rWTpe2mYt+xiguBhs9DEPIJTZ1H8OYqsE4VxJHHw2Wlq8Mztwvp2P8NV87ZOuhPRw==

"@oxlint/binding-linux-riscv64-gnu@1.86.0":
  version "1.86.0"
  resolved "https://registry.yarnpkg.com/@oxlint/binding-linux-riscv64-gnu/-/binding-linux-riscv64-gnu-1.86.0.tgz#dd843ff3e41715311a30ce693ab4df91150dcb38"
  integrity sha512-s49r0K2f5Oc7fJoMUO1WkdhYK5Ob79uYRwWQ/XNoGysaOq3RUGmGUbHSuXiyydTTA+P9xEdDEnnlZVXiaSJhlw==

"@oxlint/binding-linux-riscv64-musl@1.86.0":
  version "1.86.0"
  resolved "https://registry.yarnpkg.com/@oxlint/binding-linux-riscv64-musl/-/binding-linux-riscv64-musl-1.86.0.tgz#7bb8bdb9c03b651f57f868ed2279f940ef19b8fc"
  integrity sha512-JIa2tYR8ayb3nvcMSZzn4O/xTy13S7MHllu7cBD+B5qDQXXSRy/Vwk1aNpiTjZmBJGwKCHOy/NvnY5Xcwg27uQ==

"@oxlint/binding-linux-s390x-gnu@1.86.0":
  version "1.86.0"
  resolved "https://registry.yarnpkg.com/@oxlint/binding-linux-s390x-gnu/-/binding-linux-s390x-gnu-1.86.0.tgz#14aba52915f8df19b2802a5ec5d2308ff8f2ddb2"
  integrity sha512-XwXMyBsAuWZkhZU74UNcfQKr1CJJAKnS80dZzOnjl6A4fKcf91IjFgidegQugMHA5SN8ulwDXEDV1yPntjXgQQ==

"@oxlint/binding-linux-x64-gnu@1.86.0":
  version "1.86.0"
  resolved "https://registry.yarnpkg.com/@oxlint/binding-linux-x64-gnu/-/binding-linux-x64-gnu-1.86.0.tgz#6bb162b2359860ec6c0cb1d0ad7001045ac21d7e"
  integrity sha512-C1WjukSyMnr66b+w1/tV8RFVv6d9v0MzDf4p9IxVXknqgmTHBgZh1pccN1eHzFr0b9Tbb3OXoPsAAdAuHAQfeA==

"@oxlint/binding-linux-x64-musl@1.86.0":
  version "1.86.0"
  resolved "https://registry.yarnpkg.com/@oxlint/binding-linux-x64-musl/-/binding-linux-x64-musl-1.86.0.tgz#9235a290fc704fb75ec62302c4f935f5ee966d33"
  integrity sha512-ap6KLmvC38c6MdYzsIh25cXQupqYvjd37tMNftzrX1DCtkX1Gcf2B+S2B17dD4lKa5c5gJog7DQJyDo82PBKyw==

"@oxlint/binding-openharmony-arm64@1.86.0":
  version "1.86.0"
  resolved "https://registry.yarnpkg.com/@oxlint/binding-openharmony-arm64/-/binding-openharmony-arm64-1.86.0.tgz#d7ebd7d549912d1dd567a9f0778e9a270021244e"
  integrity sha512-996Q9w/2GLwNyy5Djs39Jt09aFlr4b7TPhoj7dvo5FHmcyiF68nPz73HNc5UAYKIYeK+M9JzPQ4Wg1r1dXvP6A==

"@oxlint/binding-win32-arm64-msvc@1.86.0":
  version "1.86.0"
  resolved "https://registry.yarnpkg.com/@oxlint/binding-win32-arm64-msvc/-/binding-win32-arm64-msvc-1.86.0.tgz#902c2cd7292dfaf0d889a094806d337848ba7486"
  integrity sha512-9uTCHYTknNkug5+46ViSoUMuOuGWK61D87QnblU6CXaWKJC630Z7dbls61vdHxya/cR2ycQZ6Mm6ckgF6Cag5g==

"@oxlint/binding-win32-ia32-msvc@1.86.0":
  version "1.86.0"
  resolved "https://registry.yarnpkg.com/@oxlint/binding-win32-ia32-msvc/-/binding-win32-ia32-msvc-1.86.0.tgz#f06500f4b1c3abac324710eded785537aa6799e3"
  integrity sha512-a47ga7EKVfMU8rO0i1m3mGwfNRj3FhQyt1d/ukO/E9u1HHF3KpR3tyb3VhuJBGEVPF8uR4exSyHUyx7xbE+uxw==

"@oxlint/binding-win32-x64-msvc@1.86.0":
  version "1.86.0"
  resolved "https://registry.yarnpkg.com/@oxlint/binding-win32-x64-msvc/-/binding-win32-x64-msvc-1.86.0.tgz#bef9b82d6408a5a228b0e31902c8bdd482ad169c"
  integrity sha512-az4dzifCRzES1crwu6pDFXzJTIanrdxXFL9TbiJWrx9LKcuacbR83aPvxDA1LKLNswi/RoqitC7Afcflhu3zBQ==

"@react-leaflet/core@^2.1.0":
  version "2.1.0"
  resolved "https://registry.yarnpkg.com/@react-leaflet/core/-/core-2.1.0.tgz#383acd31259d7c9ae8fb1b02d5e18fe613c2a13d"
  integrity sha512-Qk7Pfu8BSarKGqILj4x7bCSZ1pjuAPZ+qmRwH5S7mDS91VSbVVsJSrW4qA+GPrro8t69gFYVMWb1Zc4yFmPiVg==

"@reduxjs/toolkit@^1.9.0 || 2.x.x":
  version "2.13.0"
  resolved "https://registry.yarnpkg.com/@reduxjs/toolkit/-/toolkit-2.13.0.tgz#9603bebd496c1872deed336b2fabab891de7ac1f"
  integrity sha512-f6jwVRfwW30+tnllz4YcsHHpPYYOE7abcHkyUCovD+P7DyhdAI5prz2Fh/8TLhakjpN+7aIEion1s5L/tvlYlA==
  dependencies:
    "@standard-schema/spec" "^1.0.0"
    "@standard-schema/utils" "^0.3.0"
    immer "^11.0.0"
    redux "^5.0.1"
    redux-thunk "^3.1.0"
    reselect "^5.1.0"

"@rolldown/binding-android-arm-eabi@1.2.11":
  version "1.2.11"
  resolved "https://registry.yarnpkg.com/@rolldown/binding-android-arm-eabi/-/binding-android-arm-eabi-1.2.11.tgz#898b1c0c0c4de1ffb5997050a705f04cc102b4eb"
  integrity sha512-A5kXfGKvKWWZE0TtPrfsvT+q4Y5d1QG8gGUzpYjGydM+fARM9MuX90PrXYXe0XbsDVgyxxNzHo6giCj90bsFNw==

"@rolldown/binding-android-arm64@1.2.11":
  version "1.2.11"
  resolved "https://registry.yarnpkg.com/@rolldown/binding-android-arm64/-/binding-android-arm64-1.2.11.tgz#bf8ee88baaecd1747326d6c1d05ebdad483edc34"
  integrity sha512-z6cTycz+iJ4PVkuL4HHW4DfTfoeU/2nqYYuSOrTmH7yHK5Y0LCOnA03V4ZNxavyVaU1oOqUgIg2klN/s+USGOA==

"@rolldown/binding-darwin-arm64@1.2.11":
  version "1.2.11"
  resolved "https://registry.yarnpkg.com/@rolldown/binding-darwin-arm64/-/binding-darwin-arm64-1.2.11.tgz#4ebc103da1e0d6b24d815c1fb1d6af73245c1b1f"
  integrity sha512-jShvqNtP6vDC6/A5JOAzbVV+DkgHqhl/ScVCJEbt+TUY6QYz7YnXcrg3sLtFBniro0f/Ld50ZwCWA6f7KYD1nQ==

"@rolldown/binding-darwin-x64@1.2.11":
  version "1.2.11"
  resolved "https://registry.yarnpkg.com/@rolldown/binding-darwin-x64/-/binding-darwin-x64-1.2.11.tgz#ab669b448eb2cd2366a7ff01a84579a0f854f5f0"
  integrity sha512-f2i2xiNWq1Z1l2++q2fuhZRdLAT3aqxD6vRNm1RAxpUoBcdqNB3C0s1Bt+K+PbEx2F5F4gQp6hqKkphCY/xF9w==

"@rolldown/binding-freebsd-x64@1.2.11":
  version "1.2.11"
  resolved "https://registry.yarnpkg.com/@rolldown/binding-freebsd-x64/-/binding-freebsd-x64-1.2.11.tgz#74c26ec877c293c47c8958ab58e07e57f9382070"
  integrity sha512-4Ir5FSOKIAMr4r0kExpt1s3bMgzJU3rA45AYOHtQpls0oNeqcYBKrWMlckrYH4KCfGLfkfn1tN1dmZPMVsdXow==

"@rolldown/binding-linux-arm-gnueabihf@1.2.11":
  version "1.2.11"
  resolved "https://registry.yarnpkg.com/@rolldown/binding-linux-arm-gnueabihf/-/binding-linux-arm-gnueabihf-1.2.11.tgz#cbfe844867d7dbce1655c9b593be05bcaffb501d"
  integrity sha512-/gnRDM+39BROzAN/k1OZjDPnDMcZxB/0EUxKjONO5yVkNEvlsoMDrxGNKgZi/ttFriS2gwlDNzB65pvNbFOXIQ==

"@rolldown/binding-linux-arm64-gnu@1.2.11":
  version "1.2.11"
  resolved "https://registry.yarnpkg.com/@rolldown/binding-linux-arm64-gnu/-/binding-linux-arm64-gnu-1.2.11.tgz#2028ebac4a3f56b26ecd02f8850c74447087cbb2"
  integrity sha512-PFaK8HwvAHbaKbBcDNQihjMKYvFnA5hiENx/l5tphTDz1E0WFp32l0A7aq7lyUwGsRw/xSrNIy/gIK4thrSCrw==

"@rolldown/binding-linux-arm64-musl@1.2.11":
  version "1.2.11"
  resolved "https://registry.yarnpkg.com/@rolldown/binding-linux-arm64-musl/-/binding-linux-arm64-musl-1.2.11.tgz#a143325f96d5d5040dff50e292374f7467e7c82c"
  integrity sha512-AskzJUIKRLPxkruR1wLKewGbOw+EYfU/9lOrBFj4AFrEA8hPpKFnODWNu2WLaNs0QNkEb9QIJufmVZZIL/bJlg==

"@rolldown/binding-linux-ppc64-gnu@1.2.11":
  version "1.2.11"
  resolved "https://registry.yarnpkg.com/@rolldown/binding-linux-ppc64-gnu/-/binding-linux-ppc64-gnu-1.2.11.tgz#b38937ad8b4821682e3671ebfb609cb0e3ecb935"
  integrity sha512-qlUGAheh2yh8afH7QBgx0PrRHN85hKnNd78x8MeMhXivuevgd8vgf6/CstOzmNKY/lLTHvNTrPy98cLnAugzJw==

"@rolldown/binding-linux-s390x-gnu@1.2.11":
  version "1.2.11"
  resolved "https://registry.yarnpkg.com/@rolldown/binding-linux-s390x-gnu/-/binding-linux-s390x-gnu-1.2.11.tgz#6be2645a1ad89185e8d03f69116798c94eae19ec"
  integrity sha512-secpEad+0vCbSfn8upFySkDskv+bGPk3THSDS9Y89yc4rb4kzqHp8Dmyd9BkQW4SnhNXBZCl/6CrO//hZahNJQ==

"@rolldown/binding-linux-x64-gnu@1.2.11":
  version "1.2.11"
  resolved "https://registry.yarnpkg.com/@rolldown/binding-linux-x64-gnu/-/binding-linux-x64-gnu-1.2.11.tgz#fbc9a6a6c3b3db00e35573c67894bfbaa3128040"
  integrity sha512-mOVBT3dPpkWm8XBWPmU4bf+U6dYDLeMo/9ojUmis4N0L5uu10qra5vOyngZ7/PSdoE4G9KvRt4bloRxNjLas7A==

"@rolldown/binding-linux-x64-musl@1.2.11":
  version "1.2.11"
  resolved "https://registry.yarnpkg.com/@rolldown/binding-linux-x64-musl/-/binding-linux-x64-musl-1.2.11.tgz#f3f07a30c03d1d3a673b21fd4eaba84979aa4fd4"
  integrity sha512-Is78i9A8Ui4SqcxUwFJ9uMmjDn58IbVTjFWYdQestFEgeuEmHMLGNriXnVJKkwG2YiZjw8cP0zCTyDMdDGtOOg==

"@rolldown/binding-openharmony-arm64@1.2.11":
  version "1.2.11"
  resolved "https://registry.yarnpkg.com/@rolldown/binding-openharmony-arm64/-/binding-openharmony-arm64-1.2.11.tgz#c3848c61dd3b15edde9c98dfa8d50edb356ec71f"
  integrity sha512-dUCXneZ87INUMyQ0D+C0HrEBNUPNXHaPmU5GTjyKTJEiussw9Kaj5Ln8UztPe4epV/ffvgNBEadksdYhmW6xJA==

"@rolldown/binding-win32-arm64-msvc@1.2.11":
  version "1.2.11"
  resolved "https://registry.yarnpkg.com/@rolldown/binding-win32-arm64-msvc/-/binding-win32-arm64-msvc-1.2.11.tgz#99d9f7eb53b26f09212d646e9f50708a2f14414f"
  integrity sha512-jByxb6qfd+bH1xUd0qnfFnb17i9sWBPY2tOavJ0l3tdr3OTu+Kvtm8cd/JV5nFt657b1VqGltxg9olOEfofXWw==

"@rolldown/binding-win32-x64-msvc@1.2.11":
  version "1.2.11"
  resolved "https://registry.yarnpkg.com/@rolldown/binding-win32-x64-msvc/-/binding-win32-x64-msvc-1.2.11.tgz#c7bf663043c01021f63122a8499e9aca36408467"
  integrity sha512-/PzKqzAJ03i19oy2ItPvyvaVjOjBCNnfaJs8yvUdGBKmiESgnrJSQ2awd81QzFbbnAmu7YO9ZnJrDCb9VSJPRA==

"@rolldown/pluginutils@^1.0.0", "@rolldown/pluginutils@^1.0.1":
  version "1.0.1"
  resolved "https://registry.yarnpkg.com/@rolldown/pluginutils/-/pluginutils-1.0.1.tgz#e3fcee093fbb5ce765e1ad088ff4de2889f6f9be"
  integrity sha512-2j9bGt5Jh8hj+vPtgzPtl72j0yRxHAyumoo6TNfAjsLB04UtpSvPbPcDcBMxz7n+9CYB0c1GxQFxYRg2jimqGw==

"@standard-schema/spec@^1.0.0":
  version "1.1.0"
  resolved "https://registry.yarnpkg.com/@standard-schema/spec/-/spec-1.1.0.tgz#a79b55dbaf8604812f52d140b2c9ab41bc150bb8"
  integrity sha512-l2aFy5jALhniG5HgqrD6jXLi/rUWrKvqN/qJx6yoJsgKhblVd+iqqU4RCXavm/jPityDo5TCvKMnpjKnOriy0w==

"@standard-schema/utils@^0.3.0":
  version "0.3.0"
  resolved "https://registry.yarnpkg.com/@standard-schema/utils/-/utils-0.3.0.tgz#3d5e608f16c2390c10528e98e59aef6bf73cae7b"
  integrity sha512-e7Mew686owMaPJVNNLs55PUvgz371nKgwsc4vxE49zsODpJEnxgxRo2y/OKrqueavXgZNMDVj3DdHFlaSAeU8g==

"@types/d3-array@^3.0.3":
  version "3.2.2"
  resolved "https://registry.yarnpkg.com/@types/d3-array/-/d3-array-3.2.2.tgz#e02151464d02d4a1b44646d0fcdb93faf88fde8c"
  integrity sha512-hOLWVbm7uRza0BYXpIIW5pxfrKe0W+D5lrFiAEYR+pb6w3N2SwSMaJbXdUfSEv+dT4MfHBLtn5js0LAWaO6otw==

"@types/d3-color@*":
  version "3.1.3"
  resolved "https://registry.yarnpkg.com/@types/d3-color/-/d3-color-3.1.3.tgz#368c961a18de721da8200e80bf3943fb53136af2"
  integrity sha512-iO90scth9WAbmgv7ogoq57O9YpKmFBbmoEoCHDB2xMBY0+/KVrqAaCDyCE16dUspeOvIxFFRI+0sEtqDqy2b4A==

"@types/d3-ease@^3.0.0":
  version "3.0.2"
  resolved "https://registry.yarnpkg.com/@types/d3-ease/-/d3-ease-3.0.2.tgz#e28db1bfbfa617076f7770dd1d9a48eaa3b6c51b"
  integrity sha512-NcV1JjO5oDzoK26oMzbILE6HW7uVXOHLQvHshBUW4UMdZGfiY6v5BeQwh9a9tCzv+CeefZQHJt5SRgK154RtiA==

"@types/d3-interpolate@^3.0.1":
  version "3.0.4"
  resolved "https://registry.yarnpkg.com/@types/d3-interpolate/-/d3-interpolate-3.0.4.tgz#412b90e84870285f2ff8a846c6eb60344f12a41c"
  integrity sha512-mgLPETlrpVV1YRJIglr4Ez47g7Yxjl1lj7YKsiMCb27VJH9W8NVM6Bb9d8kkpG/uAQS5AmbA48q2IAolKKo1MA==
  dependencies:
    "@types/d3-color" "*"

"@types/d3-path@*":
  version "3.1.1"
  resolved "https://registry.yarnpkg.com/@types/d3-path/-/d3-path-3.1.1.tgz#f632b380c3aca1dba8e34aa049bcd6a4af23df8a"
  integrity sha512-VMZBYyQvbGmWyWVea0EHs/BwLgxc+MKi1zLDCONksozI4YJMcTt8ZEuIR4Sb1MMTE8MMW49v0IwI5+b7RmfWlg==

"@types/d3-scale@^4.0.2":
  version "4.0.9"
  resolved "https://registry.yarnpkg.com/@types/d3-scale/-/d3-scale-4.0.9.tgz#57a2f707242e6fe1de81ad7bfcccaaf606179afb"
  integrity sha512-dLmtwB8zkAeO/juAMfnV+sItKjlsw2lKdZVVy6LRr0cBmegxSABiLEpGVmSJJ8O08i4+sGR6qQtb6WtuwJdvVw==
  dependencies:
    "@types/d3-time" "*"

"@types/d3-shape@^3.1.0":
  version "3.2.0"
  resolved "https://registry.yarnpkg.com/@types/d3-shape/-/d3-shape-3.2.0.tgz#66ff342011dc243c6c20e6b899523d148aca412d"
  integrity sha512-kVd74ta9eof3eJOvbNd1vGKS/XERRyQbT26Og63hIsvDO84cjD5gEOhsXf26w3FSoNlPVz84DOFcKv/oou+fMw==
  dependencies:
    "@types/d3-path" "*"

"@types/d3-time@*", "@types/d3-time@^3.0.0":
  version "3.0.4"
  resolved "https://registry.yarnpkg.com/@types/d3-time/-/d3-time-3.0.4.tgz#8472feecd639691450dd8000eb33edd444e1323f"
  integrity sha512-yuzZug1nkAAaBlBBikKZTgzCeA+k1uy4ZFwWANOfKw5z5LRhV0gNA7gNkKm7HoK+HRN0wX3EkxGk0fpbWhmB7g==

"@types/d3-timer@^3.0.0":
  version "3.0.2"
  resolved "https://registry.yarnpkg.com/@types/d3-timer/-/d3-timer-3.0.2.tgz#70bbda77dc23aa727413e22e214afa3f0e852f70"
  integrity sha512-Ps3T8E8dZDam6fUyNiMkekK3XUsaUEik+idO9/YjPtfj2qruF8tFBXS7XhtE4iIXBLxhmLjP3SXpLhVf21I9Lw==

"@types/geojson@*":
  version "7946.0.16"
  resolved "https://registry.yarnpkg.com/@types/geojson/-/geojson-7946.0.16.tgz#8ebe53d69efada7044454e3305c19017d97ced2a"
  integrity sha512-6C8nqWur3j98U6+lXDfTUWIfgvZU+EumvpHKcYjujKH7woYyLj2sUmff0tRhrqM7BohUw7Pz3ZB1jj2gW9Fvmg==

"@types/leaflet@^1.9.12":
  version "1.9.22"
  resolved "https://registry.yarnpkg.com/@types/leaflet/-/leaflet-1.9.22.tgz#d46d501e5bcdf5a99374cf113ab33562cb887783"
  integrity sha512-h3lhECYEKDasG7LFHu+GiHqAvsgLuQvlJvVZzJDGONo3sEL+wUOqSFLnwkZlK0qVxnxbuGFW8iBlJNYs5wgndA==
  dependencies:
    "@types/geojson" "*"

"@types/node@^24.13.3":
  version "24.19.0"
  resolved "https://registry.yarnpkg.com/@types/node/-/node-24.19.0.tgz#becd0549e091f749520b8db8a446ec1559c88a0b"
  integrity sha512-zY+5tKxXdhGh1PYI0ac+7juvEu4OI6vWtVVoj5i2m42jxAY1U+zHGt6QCyOFwykdP62sM3MJ9stoYYUw5aCWew==
  dependencies:
    undici-types ">=7.24.0 <7.24.7"

"@types/react-dom@^19.2.7":
  version "19.3.0"
  resolved "https://registry.yarnpkg.com/@types/react-dom/-/react-dom-19.3.0.tgz#90294a9266efd928a5266f2110d60d5dba5015d2"
  integrity sha512-ZI7bU42mZXXKHn/qNLEw2IrbiINU7X5+vfgdixBHkCNpYWXjKgfQ/P+uyGb5CjOLB9UcnTeg3rylQtV2hym44Q==

"@types/react@^19.2.18":
  version "19.3.0"
  resolved "https://registry.yarnpkg.com/@types/react/-/react-19.3.0.tgz#3b3ce8d8c1627fb5ccd4dadd57ef445c5a153b77"
  integrity sha512-N0rFCuH9YoxG9/m61l9MfpJKfmLOVU0em7ipIz6TRgSSkvReLB9vL85GB+yr8Bs5leqpvg96JSwF4ZS1s4viQg==
  dependencies:
    csstype "^3.2.2"

"@types/use-sync-external-store@^0.0.6":
  version "0.0.6"
  resolved "https://registry.yarnpkg.com/@types/use-sync-external-store/-/use-sync-external-store-0.0.6.tgz#60be8d21baab8c305132eb9cb912ed497852aadc"
  integrity sha512-zFDAD+tlpf2r4asuHEj0XH6pY6i0g5NeAHPn+15wk3BV6JA69eERFXC1gyGThDkVa1zCyKr5jox1+2LbV/AMLg==

"@vitejs/plugin-react@^6.1.1":
  version "6.1.1"
  resolved "https://registry.yarnpkg.com/@vitejs/plugin-react/-/plugin-react-6.1.1.tgz#47fa1a2f956e88eaf778ebf65ddce8e2b36597e7"
  integrity sha512-yxLaQV9gkhS8ezJqCM6+ndU7mDY6gqAg75NQ+0IjwEI8IYOmQCgkRwHKVSfWXW076DsqMo0Dk+0FK1U+M5RgFw==
  dependencies:
    "@rolldown/pluginutils" "^1.0.1"

clsx@^2.1.1:
  version "2.1.1"
  resolved "https://registry.yarnpkg.com/clsx/-/clsx-2.1.1.tgz#eed397c9fd8bd882bfb18deab7102049a2f32999"
  integrity sha512-eYm0QWBtUrBWZWG0d386OGAw16Z995PiOVo2B7bjWSbHedGl5e0ZWaq65kOGgUSNesEIDkB9ISbTg/JK9dhCZA==

csstype@^3.2.2:
  version "3.2.3"
  resolved "https://registry.yarnpkg.com/csstype/-/csstype-3.2.3.tgz#ec48c0f3e993e50648c86da559e2610995cf989a"
  integrity sha512-z1HGKcYy2xA8AGQfwrn0PAy+PB7X/GSj3UVJW9qKyn43xWa+gl5nXmU4qqLMRzWVLFC8KusUX8T/0kCiOYpAIQ==

"d3-array@2 - 3", "d3-array@2.10.0 - 3", d3-array@^3.1.6:
  version "3.2.4"
  resolved "https://registry.yarnpkg.com/d3-array/-/d3-array-3.2.4.tgz#15fec33b237f97ac5d7c986dc77da273a8ed0bb5"
  integrity sha512-tdQAmyA18i4J7wprpYq8ClcxZy3SC31QMeByyCFyRt7BVHdREQZ5lpzoe5mFEYZUWe+oq8HBvk9JjpibyEV4Jg==
  dependencies:
    internmap "1 - 2"

"d3-color@1 - 3":
  version "3.1.0"
  resolved "https://registry.yarnpkg.com/d3-color/-/d3-color-3.1.0.tgz#395b2833dfac71507f12ac2f7af23bf819de24e2"
  integrity sha512-zg/chbXyeBtMQ1LbD/WSoW2DpC3I0mpmPdW+ynRTj/x2DAWYrIY7qeZIHidozwV24m4iavr15lNwIwLxRmOxhA==

d3-ease@^3.0.1:
  version "3.0.1"
  resolved "https://registry.yarnpkg.com/d3-ease/-/d3-ease-3.0.1.tgz#9658ac38a2140d59d346160f1f6c30fda0bd12f4"
  integrity sha512-wR/XK3D3XcLIZwpbvQwQ5fK+8Ykds1ip7A2Txe0yxncXSdq1L9skcG7blcedkOX+ZcgxGAmLX1FrRGbADwzi0w==

"d3-format@1 - 3":
  version "3.1.2"
  resolved "https://registry.yarnpkg.com/d3-format/-/d3-format-3.1.2.tgz#01fdb46b58beb1f55b10b42ad70b6e344d5eb2ae"
  integrity sha512-AJDdYOdnyRDV5b6ArilzCPPwc1ejkHcoyFarqlPqT7zRYjhavcT3uSrqcMvsgh2CgoPbK3RCwyHaVyxYcP2Arg==

"d3-interpolate@1.2.0 - 3", d3-interpolate@^3.0.1:
  version "3.0.1"
  resolved "https://registry.yarnpkg.com/d3-interpolate/-/d3-interpolate-3.0.1.tgz#3c47aa5b32c5b3dfb56ef3fd4342078a632b400d"
  integrity sha512-3bYs1rOD33uo8aqJfKP3JWPAibgw8Zm2+L9vBKEHJ2Rg+viTR7o5Mmv5mZcieN+FRYaAOWX5SJATX6k1PWz72g==
  dependencies:
    d3-color "1 - 3"

d3-path@^3.1.0:
  version "3.1.0"
  resolved "https://registry.yarnpkg.com/d3-path/-/d3-path-3.1.0.tgz#22df939032fb5a71ae8b1800d61ddb7851c42526"
  integrity sha512-p3KP5HCf/bvjBSSKuXid6Zqijx7wIfNW+J/maPs+iwR35at5JCbLUT0LzF1cnjbCHWhqzQTIN2Jpe8pRebIEFQ==

d3-scale@^4.0.2:
  version "4.0.2"
  resolved "https://registry.yarnpkg.com/d3-scale/-/d3-scale-4.0.2.tgz#82b38e8e8ff7080764f8dcec77bd4be393689396"
  integrity sha512-GZW464g1SH7ag3Y7hXjf8RoUuAFIqklOAq3MRl4OaWabTFJY9PN/E1YklhXLh+OQ3fM9yS2nOkCoS+WLZ6kvxQ==
  dependencies:
    d3-array "2.10.0 - 3"
    d3-format "1 - 3"
    d3-interpolate "1.2.0 - 3"
    d3-time "2.1.1 - 3"
    d3-time-format "2 - 4"

d3-shape@^3.1.0:
  version "3.2.0"
  resolved "https://registry.yarnpkg.com/d3-shape/-/d3-shape-3.2.0.tgz#a1a839cbd9ba45f28674c69d7f855bcf91dfc6a5"
  integrity sha512-SaLBuwGm3MOViRq2ABk3eLoxwZELpH6zhl3FbAoJ7Vm1gofKx6El1Ib5z23NUEhF9AsGl7y+dzLe5Cw2AArGTA==
  dependencies:
    d3-path "^3.1.0"

"d3-time-format@2 - 4":
  version "4.1.0"
  resolved "https://registry.yarnpkg.com/d3-time-format/-/d3-time-format-4.1.0.tgz#7ab5257a5041d11ecb4fe70a5c7d16a195bb408a"
  integrity sha512-dJxPBlzC7NugB2PDLwo9Q8JiTR3M3e4/XANkreKSUxF8vvXKqm1Yfq4Q5dl8budlunRVlUUaDUgFt7eA8D6NLg==
  dependencies:
    d3-time "1 - 3"

"d3-time@1 - 3", "d3-time@2.1.1 - 3", d3-time@^3.0.0:
  version "3.1.0"
  resolved "https://registry.yarnpkg.com/d3-time/-/d3-time-3.1.0.tgz#9310db56e992e3c0175e1ef385e545e48a9bb5c7"
  integrity sha512-VqKjzBLejbSMT4IgbmVgDjpkYrNWUYJnbCGo874u7MMKIWsILRX+OpX/gTk8MqjpT1A/c6HY2dCA77ZN0lkQ2Q==
  dependencies:
    d3-array "2 - 3"

d3-timer@^3.0.1:
  version "3.0.1"
  resolved "https://registry.yarnpkg.com/d3-timer/-/d3-timer-3.0.1.tgz#6284d2a2708285b1abb7e201eda4380af35e63b0"
  integrity sha512-ndfJ/JxxMd3nw31uyKoY2naivF+r29V+Lc0svZxe1JvvIRmi8hUsrMvdOwgS1o6uBHmiz91geQ0ylPP0aj1VUA==

decimal.js-light@^2.5.1:
  version "2.5.1"
  resolved "https://registry.yarnpkg.com/decimal.js-light/-/decimal.js-light-2.5.1.tgz#134fd32508f19e208f4fb2f8dac0d2626a867934"
  integrity sha512-qIMFpTMZmny+MMIitAB6D7iVPEorVw6YQRWkvarTkT4tBeSLLiHzcwj6q0MmYSFCiVpiqPJTJEYIrpcPzVEIvg==

detect-libc@^2.0.3:
  version "2.1.2"
  resolved "https://registry.yarnpkg.com/detect-libc/-/detect-libc-2.1.2.tgz#689c5dcdc1900ef5583a4cb9f6d7b473742074ad"
  integrity sha512-Btj2BOOO83o3WyH59e8MgXsxEQVcarkUOpEYrubB0urwnN10yQ364rsiByU11nZlqWYZm05i/of7io4mzihBtQ==

es-toolkit@^1.39.3:
  version "1.52.0"
  resolved "https://registry.yarnpkg.com/es-toolkit/-/es-toolkit-1.52.0.tgz#71eaf1a8b18834ef77637eccbb885ba4c03cd6dd"
  integrity sha512-XTNEJQh1tY1ZJVcf6ayP/2n4ZPyaHlW2FWs7xvw5ddPuhUVjLD3olQVQS7kf58JbAB48iL0uL/jerTrjtV3lDA==

eventemitter3@^5.0.1:
  version "5.0.4"
  resolved "https://registry.yarnpkg.com/eventemitter3/-/eventemitter3-5.0.4.tgz#a86d66170433712dde814707ac52b5271ceb1feb"
  integrity sha512-mlsTRyGaPBjPedk6Bvw+aqbsXDtoAyAzm5MO7JgU+yVRyMQ5O8bD4Kcci7BS85f93veegeCPkL8R4GLClnjLFw==

fdir@^6.5.0:
  version "6.5.0"
  resolved "https://registry.yarnpkg.com/fdir/-/fdir-6.5.0.tgz#ed2ab967a331ade62f18d077dae192684d50d350"
  integrity sha512-tIbYtZbucOs0BRGqPJkshJUYdL+SDH7dVM8gjy+ERp3WAUjLEFJE+02kanyHtwjWOnwrKYBiwAmM0p4kLJAnXg==

fsevents@~2.3.3:
  version "2.3.3"
  resolved "https://registry.yarnpkg.com/fsevents/-/fsevents-2.3.3.tgz#cac6407785d03675a2a5e1a5305c697b347d90d6"
  integrity sha512-5xoDfX+fL7faATnagmWPpbFtwh/R77WmMMqqHGS65C3vvB0YHrgF+B1YmZ3441tMj5n63k0212XNoJwzlhffQw==

immer@^11.0.0, immer@^11.1.8:
  version "11.1.18"
  resolved "https://registry.yarnpkg.com/immer/-/immer-11.1.18.tgz#87d9bced1e25157dc23bced66811de89460ec8f3"
  integrity sha512-EQyQtLiYW029lyoczMl/Hh4Xu7cDecSc58JRYpHyL4tIAu3eqd1yJzQX04d2BZHDkzFFvm6qJEJWOtfDSWAXbQ==

"internmap@1 - 2":
  version "2.0.3"
  resolved "https://registry.yarnpkg.com/internmap/-/internmap-2.0.3.tgz#6685f23755e43c524e251d29cbc97248e3061009"
  integrity sha512-5Hh7Y1wQbvY5ooGgPbDaL5iYLAPzMTUrjMulskHLH6wnv/A+1q5rgEaiuqEjB+oxGXIVZs1FF+R/KPN3ZSQYYg==

leaflet@^1.9.4:
  version "1.9.4"
  resolved "https://registry.yarnpkg.com/leaflet/-/leaflet-1.9.4.tgz#23fae724e282fa25745aff82ca4d394748db7d8d"
  integrity sha512-nxS1ynzJOmOlHp+iL3FyWqK89GtNL8U8rvlMOsQdTTssxZwCXh8N2NB3GDQOL+YR3XnWyZAxwQixURb+FA74PA==

lightningcss-android-arm64@1.33.0:
  version "1.33.0"
  resolved "https://registry.yarnpkg.com/lightningcss-android-arm64/-/lightningcss-android-arm64-1.33.0.tgz#9a6841f88ae50fc83502903892b41af41bc2b907"
  integrity sha512-gEpRTalKdosp4Bb8qWtc2iOgE5SeIHlpS1up9bFq2wAyYhl1UdTObYiHe98zEM9SQvSoqQZ1IQD0JNpg3Ml5pg==

lightningcss-darwin-arm64@1.33.0:
  version "1.33.0"
  resolved "https://registry.yarnpkg.com/lightningcss-darwin-arm64/-/lightningcss-darwin-arm64-1.33.0.tgz#c0f2c31c0bfd19fa4dd3f18e957a1f1a152097d6"
  integrity sha512-Sciaz8eenNTKn9b3t7+xr0ipTp9YxKQY4npwQ3mrRuL0BAVHBLyZxofhaKBAVtzmtRZ/zTyo0/to4B1uWG/Djg==

lightningcss-darwin-x64@1.33.0:
  version "1.33.0"
  resolved "https://registry.yarnpkg.com/lightningcss-darwin-x64/-/lightningcss-darwin-x64-1.33.0.tgz#cb0705965acb538c6683949ce6925fb3cdf7c361"
  integrity sha512-Z5UPAxzrjlWNNyGy6i65cJzzvgJ5D3T6wMvs+gWpY9d7qRhANrxqAp6LhxIgZhWEw18RfJTGcRxjuLIBr+m8XQ==

lightningcss-freebsd-x64@1.33.0:
  version "1.33.0"
  resolved "https://registry.yarnpkg.com/lightningcss-freebsd-x64/-/lightningcss-freebsd-x64-1.33.0.tgz#763538828b26bab2680dadafcc84ee78b0eb502b"
  integrity sha512-QQM/Ti/hQajJwCY+RiWuCZ9sdtI/XQk7nDK5vC8kkdwixezOlDgvDx7+RT+QjK6FcFT4MpsuoBnHIo/O3StRRg==

lightningcss-linux-arm-gnueabihf@1.33.0:
  version "1.33.0"
  resolved "https://registry.yarnpkg.com/lightningcss-linux-arm-gnueabihf/-/lightningcss-linux-arm-gnueabihf-1.33.0.tgz#6862e3176a331aedbdec1ed352b4d7d0dd0784de"
  integrity sha512-N7FVBe6iS24MlM6R/4RBTxGhQheZGs7tiQ9U32UtF75NzP5Q7xWPRqLBCKxlRQRk3rY1jCIPLzx7WzOhuUIRLQ==

lightningcss-linux-arm64-gnu@1.33.0:
  version "1.33.0"
  resolved "https://registry.yarnpkg.com/lightningcss-linux-arm64-gnu/-/lightningcss-linux-arm64-gnu-1.33.0.tgz#c6a3a2ed15141daf6bdc2628930f8e39bdf473aa"
  integrity sha512-j2v/itmy4HlNxlc6voKXYgBqNi0Ng2LShg4z7GufpEgs05P+2suBVyi9I6YHq5uoVFx9ETin3eCEhLVyXGQnKg==

lightningcss-linux-arm64-musl@1.33.0:
  version "1.33.0"
  resolved "https://registry.yarnpkg.com/lightningcss-linux-arm64-musl/-/lightningcss-linux-arm64-musl-1.33.0.tgz#7fa1334971fc82845f9827df6ef8a0b20914bac6"
  integrity sha512-yiO5ROMuYQgXbC60yjZU5CYSFZGKXL0HFATXt9mHJn1+zW55oCtMI9NfcVhYLMFDL7gV7oBPon/EmMMGg2OvtQ==

lightningcss-linux-x64-gnu@1.33.0:
  version "1.33.0"
  resolved "https://registry.yarnpkg.com/lightningcss-linux-x64-gnu/-/lightningcss-linux-x64-gnu-1.33.0.tgz#8b927862ea8c2bbc6831a46509244b50d9936e55"
  integrity sha512-ar+Ju7LmcN0Jo4FpL4hpFybwNG9/3A/Br5KW2n2jyODg3MEZXaDYADdemoNS+BDNfMgKvylJLj4S5tyRActuAg==

lightningcss-linux-x64-musl@1.33.0:
  version "1.33.0"
  resolved "https://registry.yarnpkg.com/lightningcss-linux-x64-musl/-/lightningcss-linux-x64-musl-1.33.0.tgz#0c525bb077dfd94404c059cfe42dad797e96aeaf"
  integrity sha512-RYiYbkokw0trfKqqzfF55lginwEPrD3OJDfTuJzFs1MK6iFnDenaz1fqLLtX4ITG3OktJQXOeTaw1awrBAlZPw==

lightningcss-win32-arm64-msvc@1.33.0:
  version "1.33.0"
  resolved "https://registry.yarnpkg.com/lightningcss-win32-arm64-msvc/-/lightningcss-win32-arm64-msvc-1.33.0.tgz#850ee1103dac989cfab50e3ac22d1a69e394e63d"
  integrity sha512-1K+MPfLSFVpphzpdbfkhlWk6wBrTObBzS2T6db10PNOZgR9GoVsAWzwNyuhUYYbTp23j+4RrncfujZ4uAzXvwA==

lightningcss-win32-x64-msvc@1.33.0:
  version "1.33.0"
  resolved "https://registry.yarnpkg.com/lightningcss-win32-x64-msvc/-/lightningcss-win32-x64-msvc-1.33.0.tgz#e343ae152eed3609dc6e11949d1a3bf39a1c946f"
  integrity sha512-OlEICDx/Xl0FqSp4bry8zFnCvGpig3Gl4gCquvYwHuqJKEC1+n9NgDniFvqHGmMv1ZkqDJrDqKKSykTDX+ehuA==

lightningcss@^1.33.0:
  version "1.33.0"
  resolved "https://registry.yarnpkg.com/lightningcss/-/lightningcss-1.33.0.tgz#c08867d71a79385c6e190214fd72fef3e5f95f0b"
  integrity sha512-WkUDrojuJs0xkgGf2udWxa3yGBRxPtxUkB79i6aCZLRgc7PM8fZe9TosfPDcvEpQZbuFASnHYmRLBLUbmLOIIA==
  dependencies:
    detect-libc "^2.0.3"
  optionalDependencies:
    lightningcss-android-arm64 "1.33.0"
    lightningcss-darwin-arm64 "1.33.0"
    lightningcss-darwin-x64 "1.33.0"
    lightningcss-freebsd-x64 "1.33.0"
    lightningcss-linux-arm-gnueabihf "1.33.0"
    lightningcss-linux-arm64-gnu "1.33.0"
    lightningcss-linux-arm64-musl "1.33.0"
    lightningcss-linux-x64-gnu "1.33.0"
    lightningcss-linux-x64-musl "1.33.0"
    lightningcss-win32-arm64-msvc "1.33.0"
    lightningcss-win32-x64-msvc "1.33.0"

lucide-react@^1.48.0:
  version "1.48.0"
  resolved "https://registry.yarnpkg.com/lucide-react/-/lucide-react-1.48.0.tgz#3e7f847ece24375d006bb5615c1cfe5c8f38fce4"
  integrity sha512-R0CIKY/fXiC6y9xRBADgsK+VW2p/pcTJOMhLZf1T+uG+vJUvyUR02nGOgmIIC7MPkiNK4Ox8QDnbqF8rJYWPZQ==

nanoid@^3.3.18:
  version "3.3.19"
  resolved "https://registry.yarnpkg.com/nanoid/-/nanoid-3.3.19.tgz#336d4aa4bcd4fb24d2cddede7ffeae40bec03f0a"
  integrity sha512-Y2tUNy4ouw6tq5oDSKeQYGOyhkUBhNOcGV/02KC+6kd9eDGqdZd++mjMiIDilrBYvjEnCYvVtsuHCuP+okSfug==

oxlint@^1.81.0:
  version "1.86.0"
  resolved "https://registry.yarnpkg.com/oxlint/-/oxlint-1.86.0.tgz#6b5d3f095eb32a8003839bffaf39e4203df644e3"
  integrity sha512-og0lhgvZfgGF//gOOmZXvtr+GmBbAGEnbEhv/QUg7UW2Wi4wHMnJbnMD+zuHgPdJxdklfgpPupdlAaAySyxrZg==
  optionalDependencies:
    "@oxlint/binding-android-arm-eabi" "1.86.0"
    "@oxlint/binding-android-arm64" "1.86.0"
    "@oxlint/binding-darwin-arm64" "1.86.0"
    "@oxlint/binding-darwin-x64" "1.86.0"
    "@oxlint/binding-freebsd-x64" "1.86.0"
    "@oxlint/binding-linux-arm-gnueabihf" "1.86.0"
    "@oxlint/binding-linux-arm-musleabihf" "1.86.0"
    "@oxlint/binding-linux-arm64-gnu" "1.86.0"
    "@oxlint/binding-linux-arm64-musl" "1.86.0"
    "@oxlint/binding-linux-ppc64-gnu" "1.86.0"
    "@oxlint/binding-linux-riscv64-gnu" "1.86.0"
    "@oxlint/binding-linux-riscv64-musl" "1.86.0"
    "@oxlint/binding-linux-s390x-gnu" "1.86.0"
    "@oxlint/binding-linux-x64-gnu" "1.86.0"
    "@oxlint/binding-linux-x64-musl" "1.86.0"
    "@oxlint/binding-openharmony-arm64" "1.86.0"
    "@oxlint/binding-win32-arm64-msvc" "1.86.0"
    "@oxlint/binding-win32-ia32-msvc" "1.86.0"
    "@oxlint/binding-win32-x64-msvc" "1.86.0"

picocolors@^1.1.1:
  version "1.1.1"
  resolved "https://registry.yarnpkg.com/picocolors/-/picocolors-1.1.1.tgz#3d321af3eab939b083c8f929a1d12cda81c26b6b"
  integrity sha512-xceH2snhtb5M9liqDsmEw56le376mTZkEX/jEb/RxNFyegNul7eNslCXP9FDj/Lcu0X8KEyMceP2ntpaHrDEVA==

picomatch@^4.0.4, picomatch@^4.0.7:
  version "4.0.7"
  resolved "https://registry.yarnpkg.com/picomatch/-/picomatch-4.0.7.tgz#6313360034ccb36b3dc61ecbdff78121f90fe21f"
  integrity sha512-qcJu88Q2IWqJsDD529JKMdwGm/dvInW4HvQnRwiH9JtihJvzGOscDtHE3x1pBKeUOTysQ8kVmLnJ2kJu7yhcGA==

postcss@^8.5.28:
  version "8.5.28"
  resolved "https://registry.yarnpkg.com/postcss/-/postcss-8.5.28.tgz#da4563a99a06e62d6c1cd1acae363224bcaed6e9"
  integrity sha512-RRuzqDtt5Y9h3quz5hWhK+TPnsmVs6WwSU6LkJMeY4HstUEDuYTG8UJSdawMRzmzAtV+KEoG8N3Qg2qLy5vM/A==
  dependencies:
    nanoid "^3.3.18"
    picocolors "^1.1.1"
    source-map-js "^1.2.1"

react-dom@^19.2.8:
  version "19.3.0"
  resolved "https://registry.yarnpkg.com/react-dom/-/react-dom-19.3.0.tgz#a0ff19161d7f4e9be5469a07278b0c06e00f9001"
  integrity sha512-JDk8dgif51OjFoDE70+OT9ICyYr+69HlmihNwp1+Nsfbna3t5sIiCa9ZJktDmQ4/1b/rn26hIAR2uYXDMr5r0Q==
  dependencies:
    scheduler "^0.28.0"

react-is@^19.3.0:
  version "19.3.0"
  resolved "https://registry.yarnpkg.com/react-is/-/react-is-19.3.0.tgz#716028d67e9993d23a2d353c6d08a3c1ef2bbeb4"
  integrity sha512-UpMYezM4v5/18F28aC66AEsjXIgE02kyEMH6yLdgLXu/UTfa1Ntwck/nNLrbqJsEXW7gPb0coNO9FQse9WTovA==

react-leaflet@^4.2.1:
  version "4.2.1"
  resolved "https://registry.yarnpkg.com/react-leaflet/-/react-leaflet-4.2.1.tgz#c300e9eccaf15cb40757552e181200aa10b94780"
  integrity sha512-p9chkvhcKrWn/H/1FFeVSqLdReGwn2qmiobOQGO3BifX+/vV/39qhY8dGqbdcPh1e6jxh/QHriLXr7a4eLFK4Q==
  dependencies:
    "@react-leaflet/core" "^2.1.0"

"react-redux@8.x.x || 9.x.x":
  version "9.3.0"
  resolved "https://registry.yarnpkg.com/react-redux/-/react-redux-9.3.0.tgz#a30113bb6d95c0a715d54dda4308d450fca6ce09"
  integrity sha512-KQopgqFo/p/fgmAs5qz6p5RWaNAzq40WAu7fJIXnQpYxFPbJYtsJPWvGeF2rOBaY/kEuV77AVsX8TsQzKm+A/g==
  dependencies:
    "@types/use-sync-external-store" "^0.0.6"
    use-sync-external-store "^1.4.0"

react@^19.2.8:
  version "19.3.0"
  resolved "https://registry.yarnpkg.com/react/-/react-19.3.0.tgz#e20aa3a14687075ce863351b5878b0608c3fbfb2"
  integrity sha512-E8LUcbtBWt20bbl2YoHfx4ZDBdxVTfOKtCZn9cDSJ4l6/nuoApcpIBcj47t2wZoVX8g2ZHuMHbiShgCR1T5Sog==

recharts@^3.10.1:
  version "3.10.1"
  resolved "https://registry.yarnpkg.com/recharts/-/recharts-3.10.1.tgz#e6f52c2604a38f728b6d47f95881595fa6604c6c"
  integrity sha512-QXFrvt6IVcw7eeZCoyXTwkIJAX3Dv1nyVhMicXJ47GsGDDpcN8z6o644DibE9XjpBTThtsomLKnTV6lc+cVFUA==
  dependencies:
    "@reduxjs/toolkit" "^1.9.0 || 2.x.x"
    clsx "^2.1.1"
    decimal.js-light "^2.5.1"
    es-toolkit "^1.39.3"
    eventemitter3 "^5.0.1"
    immer "^11.1.8"
    react-redux "8.x.x || 9.x.x"
    reselect "5.2.0"
    tiny-invariant "^1.3.3"
    use-sync-external-store "^1.2.2"
    victory-vendor "^37.0.2"

redux-thunk@^3.1.0:
  version "3.1.0"
  resolved "https://registry.yarnpkg.com/redux-thunk/-/redux-thunk-3.1.0.tgz#94aa6e04977c30e14e892eae84978c1af6058ff3"
  integrity sha512-NW2r5T6ksUKXCabzhL9z+h206HQw/NJkcLm1GPImRQ8IzfXwRGqjVhKJGauHirT0DAuyy6hjdnMZaRoAcy0Klw==

redux@^5.0.1:
  version "5.0.1"
  resolved "https://registry.yarnpkg.com/redux/-/redux-5.0.1.tgz#97fa26881ce5746500125585d5642c77b6e9447b"
  integrity sha512-M9/ELqF6fy8FwmkpnF0S3YKOqMyoWJ4+CS5Efg2ct3oY9daQvd/Pc71FpGZsVsbl3Cpb+IIcjBDUnnyBdQbq4w==

reselect@5.2.0:
  version "5.2.0"
  resolved "https://registry.yarnpkg.com/reselect/-/reselect-5.2.0.tgz#f380ef7664332d26ea06c1cba04bdbbdcaa955f1"
  integrity sha512-AgZ3UOZm3YndfrJ4OYjgrT7bmCm/1iqkjvEfH/oYjzh6PD2qw4QuT3jjnXIrpdt4MTpMXclMT3lXbmRY+XRakw==

reselect@^5.1.0:
  version "5.3.0"
  resolved "https://registry.yarnpkg.com/reselect/-/reselect-5.3.0.tgz#0a3e3ed4436bdf2ab7c5e0f392dab2c062595d61"
  integrity sha512-XGoLeRAVzUTcJ1qkxPQhDJyIZ5d6zzZD9nT7AEZOaaU9UbWclhycElmhO+VD5bFeLuzhPBaOV2oXC8uG35ZSpg==

rolldown@~1.2.9:
  version "1.2.11"
  resolved "https://registry.yarnpkg.com/rolldown/-/rolldown-1.2.11.tgz#89c4e07d9098b88fe0b023de59d63a6216e9285c"
  integrity sha512-qpSwIyz0jHQq5qXBTNxFmE6664rJ7O+4TvPFOiOaBSrz8IOHc1koKKSqTM2H6u1UG1+TveuC6vaDHKXFOvb1Kw==
  dependencies:
    "@oxc-project/types" "=0.151.0"
    "@rolldown/pluginutils" "^1.0.0"
  optionalDependencies:
    "@rolldown/binding-android-arm-eabi" "1.2.11"
    "@rolldown/binding-android-arm64" "1.2.11"
    "@rolldown/binding-darwin-arm64" "1.2.11"
    "@rolldown/binding-darwin-x64" "1.2.11"
    "@rolldown/binding-freebsd-x64" "1.2.11"
    "@rolldown/binding-linux-arm-gnueabihf" "1.2.11"
    "@rolldown/binding-linux-arm64-gnu" "1.2.11"
    "@rolldown/binding-linux-arm64-musl" "1.2.11"
    "@rolldown/binding-linux-ppc64-gnu" "1.2.11"
    "@rolldown/binding-linux-s390x-gnu" "1.2.11"
    "@rolldown/binding-linux-x64-gnu" "1.2.11"
    "@rolldown/binding-linux-x64-musl" "1.2.11"
    "@rolldown/binding-openharmony-arm64" "1.2.11"
    "@rolldown/binding-win32-arm64-msvc" "1.2.11"
    "@rolldown/binding-win32-x64-msvc" "1.2.11"

scheduler@^0.28.0:
  version "0.28.0"
  resolved "https://registry.yarnpkg.com/scheduler/-/scheduler-0.28.0.tgz#03d3ca348aeaf8b7502f64468f217b27523f9695"
  integrity sha512-juorfCmIkIw8tT+p5BXSm6PJjQF/ycEYmKyzURCIt/RaZIhL+PulbQ9Yu2z1HdOJDdqDTlxA1+xKBmHXJsczAw==

source-map-js@^1.2.1:
  version "1.2.1"
  resolved "https://registry.yarnpkg.com/source-map-js/-/source-map-js-1.2.1.tgz#1ce5650fddd87abc099eda37dcff024c2667ae46"
  integrity sha512-UXWMKhLOwVKb728IUtQPXxfYU+usdybtUrK/8uGE8CQMvrhOpwvzDBwj0QhSL7MQc7vIsISBG8VQ8+IDQxpfQA==

tiny-invariant@^1.3.3:
  version "1.3.3"
  resolved "https://registry.yarnpkg.com/tiny-invariant/-/tiny-invariant-1.3.3.tgz#46680b7a873a0d5d10005995eb90a70d74d60127"
  integrity sha512-+FbBPE1o9QAYvviau/qC5SE3caw21q3xkvWKBtja5vgqOWIHHJ3ioaq1VPfn/Szqctz2bU/oYeKd9/z5BL+PVg==

tinyglobby@^0.2.17:
  version "0.2.17"
  resolved "https://registry.yarnpkg.com/tinyglobby/-/tinyglobby-0.2.17.tgz#562a9a6c9eb2b3b123d39719f9af5bb44fcd7631"
  integrity sha512-wXR/dYpcqKmfWpEdZjiKJOwCNFndD0DMnrW/cYjVGttEkBfVgcLFHoNrlj47mjOVic9yyNu65alsgF4NQyTa2g==
  dependencies:
    fdir "^6.5.0"
    picomatch "^4.0.4"

typescript@5.5.3:
  version "5.5.3"
  resolved "https://registry.yarnpkg.com/typescript/-/typescript-5.5.3.tgz#e1b0a3c394190838a0b168e771b0ad56a0af0faa"
  integrity sha512-/hreyEujaB0w76zKo6717l3L0o/qEUtRgdvUBvlkhoWeOVMjMuHNHk0BRBzikzuGDqNmPQbg5ifMEqsHLiIUcQ==

"undici-types@>=7.24.0 <7.24.7":
  version "7.24.6"
  resolved "https://registry.yarnpkg.com/undici-types/-/undici-types-7.24.6.tgz#61275b485d7fd4e9d269c7cf04ec2873c9cc0f91"
  integrity sha512-WRNW+sJgj5OBN4/0JpHFqtqzhpbnV0GuB+OozA9gCL7a993SmU+1JBZCzLNxYsbMfIeDL+lTsphD5jN5N+n0zg==

use-sync-external-store@^1.2.2, use-sync-external-store@^1.4.0:
  version "1.7.0"
  resolved "https://registry.yarnpkg.com/use-sync-external-store/-/use-sync-external-store-1.7.0.tgz#6dcb66ef569e02f186af6b3d575f414ce746e18f"
  integrity sha512-6L+EeigHMQhdaIPNIFUKwfWJSwWFQ8gJbJ2DLOs5sDIegTwR9fRxvnM3uciHKjIZhFz+KAv2emhWMRvDmMcY8A==

vedro@^1.1.0:
  version "1.1.0"
  resolved "https://registry.yarnpkg.com/vedro/-/vedro-1.1.0.tgz#348a84105a77648b8d5b82434133cd3c9fe19418"
  integrity sha512-Yii0n0Ho1dWgvor4wTSmEth3BRmiMaFB8uYE9gN0Ahg/p02JqYqqp09RTtnr3ScbJ9v5oceyMR3uyB6zMIg0oA==

victory-vendor@^37.0.2:
  version "37.3.6"
  resolved "https://registry.yarnpkg.com/victory-vendor/-/victory-vendor-37.3.6.tgz#401ac4b029a0b3d33e0cba8e8a1d765c487254da"
  integrity sha512-SbPDPdDBYp+5MJHhBCAyI7wKM3d5ivekigc2Dk2s7pgbZ9wIgIBYGVw4zGHBml/qTFbexrofXW6Gu4noGxrOwQ==
  dependencies:
    "@types/d3-array" "^3.0.3"
    "@types/d3-ease" "^3.0.0"
    "@types/d3-interpolate" "^3.0.1"
    "@types/d3-scale" "^4.0.2"
    "@types/d3-shape" "^3.1.0"
    "@types/d3-time" "^3.0.0"
    "@types/d3-timer" "^3.0.0"
    d3-array "^3.1.6"
    d3-ease "^3.0.1"
    d3-interpolate "^3.0.1"
    d3-scale "^4.0.2"
    d3-shape "^3.1.0"
    d3-time "^3.0.0"
    d3-timer "^3.0.1"

vite@^8.3.0:
  version "8.3.1"
  resolved "https://registry.yarnpkg.com/vite/-/vite-8.3.1.tgz#aa1099a4ccaf104a8c32492951497fa1781d9fce"
  integrity sha512-/bvH9E9tmCXRGp2uXY3WbOldqpTwFkbha/8ANaEQ6VkxhH60KyqLwgZq6lG2y+4uT55x9+9eUHMpQ7uGnOCKjA==
  dependencies:
    lightningcss "^1.33.0"
    picomatch "^4.0.7"
    postcss "^8.5.28"
    rolldown "~1.2.9"
    tinyglobby "^0.2.17"
  optionalDependencies:
    fsevents "~2.3.3"
